
Microsoft Visual Studio Solution File, Format Version 12.00
# Visual Studio Version 16
VisualStudioVersion = 16.0.29001.49
MinimumVisualStudioVersion = 10.0.40219.1
Project("{9A19103F-16F7-4668-BE54-9A1E7A4F7556}") = "DBox", "src\DBox\DBox.csproj", "{6224EEA8-4580-423A-801F-50106D7BE5ED}"
EndProject
Project("{2150E333-8FDC-42A3-9474-1A3956D46DE8}") = "src", "src", "{B5DF7919-64DB-4477-8985-387C219D8AD5}"
EndProject
Global
	GlobalSection(SolutionConfigurationPlatforms) = preSolution
		Debug|Any CPU = Debug|Any CPU
		Release|Any CPU = Release|Any CPU
	EndGlobalSection
	GlobalSection(ProjectConfigurationPlatforms) = postSolution
		{6224EEA8-4580-423A-801F-50106D7BE5ED}.Debug|Any CPU.ActiveCfg = Debug|Any CPU
		{6224EEA8-4580-423A-801F-50106D7BE5ED}.Debug|Any CPU.Build.0 = Debug|Any CPU
		{6224EEA8-4580-423A-801F-50106D7BE5ED}.Release|Any CPU.ActiveCfg = Release|Any CPU
		{6224EEA8-4580-423A-801F-50106D7BE5ED}.Release|Any CPU.Build.0 = Release|Any CPU
	EndGlobalSection
	GlobalSection(SolutionProperties) = preSolution
		HideSolutionNode = FALSE
	EndGlobalSection
	GlobalSection(NestedProjects) = preSolution
		{6224EEA8-4580-423A-801F-50106D7BE5ED} = {B5DF7919-64DB-4477-8985-387C219D8AD5}
	EndGlobalSection
	GlobalSection(ExtensibilityGlobals) = postSolution
		SolutionGuid = {05A8BA56-93FD-4695-BDB5-9E92AF650332}
	EndGlobalSection
EndGlobal
